
Microsoft Visual Studio Solution File, Format Version 12.00
# Visual Studio 15
Project("{FAE04EC0-301F-11D3-BF4B-00C04F79EFBC}") = "Assembly-CSharp", "Assembly-CSharp.csproj", "{A26F6C01-B977-580C-E036-8456D23674F7}"
EndProject
Project("{FAE04EC0-301F-11D3-BF4B-00C04F79EFBC}") = "Assembly-CSharp-firstpass", "Assembly-CSharp-firstpass.csproj", "{FE66CA43-8197-B824-ECAB-BBDC9CF14ACD}"
EndProject
Project("{FAE04EC0-301F-11D3-BF4B-00C04F79EFBC}") = "Assembly-CSharp-Editor-firstpass", "Assembly-CSharp-Editor-firstpass.csproj", "{72EB75A2-2D29-0080-1380-DF83E3ABC844}"
EndProject
Project("{FAE04EC0-301F-11D3-BF4B-00C04F79EFBC}") = "Assembly-CSharp-Editor", "Assembly-CSharp-Editor.csproj", "{8B6C229D-4747-B64C-070F-482155D03A11}"
EndProject
Global
	GlobalSection(SolutionConfigurationPlatforms) = preSolution
		Debug|Any CPU = Debug|Any CPU
		Release|Any CPU = Release|Any CPU
	EndGlobalSection
	GlobalSection(ProjectConfigurationPlatforms) = postSolution
		{A26F6C01-B977-580C-E036-8456D23674F7}.Debug|Any CPU.ActiveCfg = Debug|Any CPU
		{A26F6C01-B977-580C-E036-8456D23674F7}.Debug|Any CPU.Build.0 = Debug|Any CPU
		{A26F6C01-B977-580C-E036-8456D23674F7}.Release|Any CPU.ActiveCfg = Release|Any CPU
		{A26F6C01-B977-580C-E036-8456D23674F7}.Release|Any CPU.Build.0 = Release|Any CPU
		{FE66CA43-8197-B824-ECAB-BBDC9CF14ACD}.Debug|Any CPU.ActiveCfg = Debug|Any CPU
		{FE66CA43-8197-B824-ECAB-BBDC9CF14ACD}.Debug|Any CPU.Build.0 = Debug|Any CPU
		{FE66CA43-8197-B824-ECAB-BBDC9CF14ACD}.Release|Any CPU.ActiveCfg = Release|Any CPU
		{FE66CA43-8197-B824-ECAB-BBDC9CF14ACD}.Release|Any CPU.Build.0 = Release|Any CPU
		{72EB75A2-2D29-0080-1380-DF83E3ABC844}.Debug|Any CPU.ActiveCfg = Debug|Any CPU
		{72EB75A2-2D29-0080-1380-DF83E3ABC844}.Debug|Any CPU.Build.0 = Debug|Any CPU
		{72EB75A2-2D29-0080-1380-DF83E3ABC844}.Release|Any CPU.ActiveCfg = Release|Any CPU
		{72EB75A2-2D29-0080-1380-DF83E3ABC844}.Release|Any CPU.Build.0 = Release|Any CPU
		{8B6C229D-4747-B64C-070F-482155D03A11}.Debug|Any CPU.ActiveCfg = Debug|Any CPU
		{8B6C229D-4747-B64C-070F-482155D03A11}.Debug|Any CPU.Build.0 = Debug|Any CPU
		{8B6C229D-4747-B64C-070F-482155D03A11}.Release|Any CPU.ActiveCfg = Release|Any CPU
		{8B6C229D-4747-B64C-070F-482155D03A11}.Release|Any CPU.Build.0 = Release|Any CPU
	EndGlobalSection
	GlobalSection(SolutionProperties) = preSolution
		HideSolutionNode = FALSE
	EndGlobalSection
EndGlobal
